// !$*UTF8*$!
{
	archiveVersion = 1;
	classes = {
	};
	objectVersion = 46;
	objects = {

/* Begin PBXBuildFile section */
		908E48D71AA29B0700AD5BE7 /* AppDelegate.swift in Sources */ = {isa = PBXBuildFile; fileRef = 908E48D61AA29B0700AD5BE7 /* AppDelegate.swift */; };
		908E48D91AA29B0700AD5BE7 /* ViewController.swift in Sources */ = {isa = PBXBuildFile; fileRef = 908E48D81AA29B0700AD5BE7 /* ViewController.swift */; };
		908E48DC1AA29B0700AD5BE7 /* Main.storyboard in Resources */ = {isa = PBXBuildFile; fileRef = 908E48DA1AA29B0700AD5BE7 /* Main.storyboard */; };
		908E48DE1AA29B0700AD5BE7 /* Images.xcassets in Resources */ = {isa = PBXBuildFile; fileRef = 908E48DD1AA29B0700AD5BE7 /* Images.xcassets */; };
		908E48E11AA29B0700AD5BE7 /* LaunchScreen.xib in Resources */ = {isa = PBXBuildFile; fileRef = 908E48DF1AA29B0700AD5BE7 /* LaunchScreen.xib */; };
		908E48ED1AA29B0700AD5BE7 /* HoopTests.swift in Sources */ = {isa = PBXBuildFile; fileRef = 908E48EC1AA29B0700AD5BE7 /* HoopTests.swift */; };
		908E49001AA29B5700AD5BE7 /* Bolts.framework in Frameworks */ = {isa = PBXBuildFile; fileRef = 908E48FB1AA29B5700AD5BE7 /* Bolts.framework */; };
		908E49011AA29B5700AD5BE7 /* Parse.framework in Frameworks */ = {isa = PBXBuildFile; fileRef = 908E48FC1AA29B5700AD5BE7 /* Parse.framework */; };
		908E49021AA29B5700AD5BE7 /* ParseCrashReporting.framework in Frameworks */ = {isa = PBXBuildFile; fileRef = 908E48FD1AA29B5700AD5BE7 /* ParseCrashReporting.framework */; };
		908E49031AA29B5700AD5BE7 /* ParseFacebookUtils.framework in Frameworks */ = {isa = PBXBuildFile; fileRef = 908E48FE1AA29B5700AD5BE7 /* ParseFacebookUtils.framework */; };
		908E49041AA29B5700AD5BE7 /* ParseUI.framework in Frameworks */ = {isa = PBXBuildFile; fileRef = 908E48FF1AA29B5700AD5BE7 /* ParseUI.framework */; };
		908E49061AA29B8E00AD5BE7 /* AudioToolbox.framework in Frameworks */ = {isa = PBXBuildFile; fileRef = 908E49051AA29B8E00AD5BE7 /* AudioToolbox.framework */; };
		908E49081AA29B9D00AD5BE7 /* CFNetwork.framework in Frameworks */ = {isa = PBXBuildFile; fileRef = 908E49071AA29B9D00AD5BE7 /* CFNetwork.framework */; };
		908E490A1AA29BA600AD5BE7 /* CoreGraphics.framework in Frameworks */ = {isa = PBXBuildFile; fileRef = 908E49091AA29BA600AD5BE7 /* CoreGraphics.framework */; };
		908E490C1AA29BAC00AD5BE7 /* CoreLocation.framework in Frameworks */ = {isa = PBXBuildFile; fileRef = 908E490B1AA29BAC00AD5BE7 /* CoreLocation.framework */; };
		908E490E1AA29BB300AD5BE7 /* MobileCoreServices.framework in Frameworks */ = {isa = PBXBuildFile; fileRef = 908E490D1AA29BB300AD5BE7 /* MobileCoreServices.framework */; };
		908E49101AA29BB800AD5BE7 /* QuartzCore.framework in Frameworks */ = {isa = PBXBuildFile; fileRef = 908E490F1AA29BB800AD5BE7 /* QuartzCore.framework */; };
		908E49121AA29BBF00AD5BE7 /* Security.framework in Frameworks */ = {isa = PBXBuildFile; fileRef = 908E49111AA29BBF00AD5BE7 /* Security.framework */; };
		908E49141AA29BCA00AD5BE7 /* StoreKit.framework in Frameworks */ = {isa = PBXBuildFile; fileRef = 908E49131AA29BCA00AD5BE7 /* StoreKit.framework */; };
		908E49161AA29BD700AD5BE7 /* SystemConfiguration.framework in Frameworks */ = {isa = PBXBuildFile; fileRef = 908E49151AA29BD700AD5BE7 /* SystemConfiguration.framework */; };
		908E49181AA29BDF00AD5BE7 /* libz.dylib in Frameworks */ = {isa = PBXBuildFile; fileRef = 908E49171AA29BDF00AD5BE7 /* libz.dylib */; };
		908E491A1AA29BE800AD5BE7 /* libsqlite3.dylib in Frameworks */ = {isa = PBXBuildFile; fileRef = 908E49191AA29BE800AD5BE7 /* libsqlite3.dylib */; };
/* End PBXBuildFile section */

/* Begin PBXContainerItemProxy section */
		908E48E71AA29B0700AD5BE7 /* PBXContainerItemProxy */ = {
			isa = PBXContainerItemProxy;
			containerPortal = 908E48C91AA29B0700AD5BE7 /* Project object */;
			proxyType = 1;
			remoteGlobalIDString = 908E48D01AA29B0700AD5BE7;
			remoteInfo = Hoop;
		};
/* End PBXContainerItemProxy section */

/* Begin PBXFileReference section */
		908E48D11AA29B0700AD5BE7 /* Hoop.app */ = {isa = PBXFileReference; explicitFileType = wrapper.application; includeInIndex = 0; path = Hoop.app; sourceTree = BUILT_PRODUCTS_DIR; };
		908E48D51AA29B0700AD5BE7 /* Info.plist */ = {isa = PBXFileReference; lastKnownFileType = text.plist.xml; path = Info.plist; sourceTree = "<group>"; };
		908E48D61AA29B0700AD5BE7 /* AppDelegate.swift */ = {isa = PBXFileReference; lastKnownFileType = sourcecode.swift; path = AppDelegate.swift; sourceTree = "<group>"; };
		908E48D81AA29B0700AD5BE7 /* ViewController.swift */ = {isa = PBXFileReference; lastKnownFileType = sourcecode.swift; path = ViewController.swift; sourceTree = "<group>"; };
		908E48DB1AA29B0700AD5BE7 /* Base */ = {isa = PBXFileReference; lastKnownFileType = file.storyboard; name = Base; path = Base.lproj/Main.storyboard; sourceTree = "<group>"; };
		908E48DD1AA29B0700AD5BE7 /* Images.xcassets */ = {isa = PBXFileReference; lastKnownFileType = folder.assetcatalog; path = Images.xcassets; sourceTree = "<group>"; };
		908E48E01AA29B0700AD5BE7 /* Base */ = {isa = PBXFileReference; lastKnownFileType = file.xib; name = Base; path = Base.lproj/LaunchScreen.xib; sourceTree = "<group>"; };
		908E48E61AA29B0700AD5BE7 /* HoopTests.xctest */ = {isa = PBXFileReference; explicitFileType = wrapper.cfbundle; includeInIndex = 0; path = HoopTests.xctest; sourceTree = BUILT_PRODUCTS_DIR; };
		908E48EB1AA29B0700AD5BE7 /* Info.plist */ = {isa = PBXFileReference; lastKnownFileType = text.plist.xml; path = Info.plist; sourceTree = "<group>"; };
		908E48EC1AA29B0700AD5BE7 /* HoopTests.swift */ = {isa = PBXFileReference; lastKnownFileType = sourcecode.swift; path = HoopTests.swift; sourceTree = "<group>"; };
		908E48F71AA29B4100AD5BE7 /* Hoop-Bridging-Header.h */ = {isa = PBXFileReference; lastKnownFileType = sourcecode.c.h; path = "Hoop-Bridging-Header.h"; sourceTree = "<group>"; };
		908E48FB1AA29B5700AD5BE7 /* Bolts.framework */ = {isa = PBXFileReference; lastKnownFileType = wrapper.framework; path = Bolts.framework; sourceTree = "<group>"; };
		908E48FC1AA29B5700AD5BE7 /* Parse.framework */ = {isa = PBXFileReference; lastKnownFileType = wrapper.framework; path = Parse.framework; sourceTree = "<group>"; };
		908E48FD1AA29B5700AD5BE7 /* ParseCrashReporting.framework */ = {isa = PBXFileReference; lastKnownFileType = wrapper.framework; path = ParseCrashReporting.framework; sourceTree = "<group>"; };
		908E48FE1AA29B5700AD5BE7 /* ParseFacebookUtils.framework */ = {isa = PBXFileReference; lastKnownFileType = wrapper.framework; path = ParseFacebookUtils.framework; sourceTree = "<group>"; };
		908E48FF1AA29B5700AD5BE7 /* ParseUI.framework */ = {isa = PBXFileReference; lastKnownFileType = wrapper.framework; path = ParseUI.framework; sourceTree = "<group>"; };
		908E49051AA29B8E00AD5BE7 /* AudioToolbox.framework */ = {isa = PBXFileReference; lastKnownFileType = wrapper.framework; name = AudioToolbox.framework; path = System/Library/Frameworks/AudioToolbox.framework; sourceTree = SDKROOT; };
		908E49071AA29B9D00AD5BE7 /* CFNetwork.framework */ = {isa = PBXFileReference; lastKnownFileType = wrapper.framework; name = CFNetwork.framework; path = System/Library/Frameworks/CFNetwork.framework; sourceTree = SDKROOT; };
		908E49091AA29BA600AD5BE7 /* CoreGraphics.framework */ = {isa = PBXFileReference; lastKnownFileType = wrapper.framework; name = CoreGraphics.framework; path = System/Library/Frameworks/CoreGraphics.framework; sourceTree = SDKROOT; };
		908E490B1AA29BAC00AD5BE7 /* CoreLocation.framework */ = {isa = PBXFileReference; lastKnownFileType = wrapper.framework; name = CoreLocation.framework; path = System/Library/Frameworks/CoreLocation.framework; sourceTree = SDKROOT; };
		908E490D1AA29BB300AD5BE7 /* MobileCoreServices.framework */ = {isa = PBXFileReference; lastKnownFileType = wrapper.framework; name = MobileCoreServices.framework; path = System/Library/Frameworks/MobileCoreServices.framework; sourceTree = SDKROOT; };
		908E490F1AA29BB800AD5BE7 /* QuartzCore.framework */ = {isa = PBXFileReference; lastKnownFileType = wrapper.framework; name = QuartzCore.framework; path = System/Library/Frameworks/QuartzCore.framework; sourceTree = SDKROOT; };
		908E49111AA29BBF00AD5BE7 /* Security.framework */ = {isa = PBXFileReference; lastKnownFileType = wrapper.framework; name = Security.framework; path = System/Library/Frameworks/Security.framework; sourceTree = SDKROOT; };
		908E49131AA29BCA00AD5BE7 /* StoreKit.framework */ = {isa = PBXFileReference; lastKnownFileType = wrapper.framework; name = StoreKit.framework; path = System/Library/Frameworks/StoreKit.framework; sourceTree = SDKROOT; };
		908E49151AA29BD700AD5BE7 /* SystemConfiguration.framework */ = {isa = PBXFileReference; lastKnownFileType = wrapper.framework; name = SystemConfiguration.framework; path = System/Library/Frameworks/SystemConfiguration.framework; sourceTree = SDKROOT; };
		908E49171AA29BDF00AD5BE7 /* libz.dylib */ = {isa = PBXFileReference; lastKnownFileType = "compiled.mach-o.dylib"; name = libz.dylib; path = usr/lib/libz.dylib; sourceTree = SDKROOT; };
		908E49191AA29BE800AD5BE7 /* libsqlite3.dylib */ = {isa = PBXFileReference; lastKnownFileType = "compiled.mach-o.dylib"; name = libsqlite3.dylib; path = usr/lib/libsqlite3.dylib; sourceTree = SDKROOT; };
/* End PBXFileReference section */

/* Begin PBXFrameworksBuildPhase section */
		908E48CE1AA29B0700AD5BE7 /* Frameworks */ = {
			isa = PBXFrameworksBuildPhase;
			buildActionMask = 2147483647;
			files = (
				908E491A1AA29BE800AD5BE7 /* libsqlite3.dylib in Frameworks */,
				908E49181AA29BDF00AD5BE7 /* libz.dylib in Frameworks */,
				908E49161AA29BD700AD5BE7 /* SystemConfiguration.framework in Frameworks */,
				908E49141AA29BCA00AD5BE7 /* StoreKit.framework in Frameworks */,
				908E49121AA29BBF00AD5BE7 /* Security.framework in Frameworks */,
				908E49101AA29BB800AD5BE7 /* QuartzCore.framework in Frameworks */,
				908E490E1AA29BB300AD5BE7 /* MobileCoreServices.framework in Frameworks */,
				908E490C1AA29BAC00AD5BE7 /* CoreLocation.framework in Frameworks */,
				908E490A1AA29BA600AD5BE7 /* CoreGraphics.framework in Frameworks */,
				908E49081AA29B9D00AD5BE7 /* CFNetwork.framework in Frameworks */,
				908E49061AA29B8E00AD5BE7 /* AudioToolbox.framework in Frameworks */,
				908E49011AA29B5700AD5BE7 /* Parse.framework in Frameworks */,
				908E49021AA29B5700AD5BE7 /* ParseCrashReporting.framework in Frameworks */,
				908E49041AA29B5700AD5BE7 /* ParseUI.framework in Frameworks */,
				908E49031AA29B5700AD5BE7 /* ParseFacebookUtils.framework in Frameworks */,
				908E49001AA29B5700AD5BE7 /* Bolts.framework in Frameworks */,
			);
			runOnlyForDeploymentPostprocessing = 0;
		};
		908E48E31AA29B0700AD5BE7 /* Frameworks */ = {
			isa = PBXFrameworksBuildPhase;
			buildActionMask = 2147483647;
			files = (
			);
			runOnlyForDeploymentPostprocessing = 0;
		};
/* End PBXFrameworksBuildPhase section */

/* Begin PBXGroup section */
		908E48C81AA29B0700AD5BE7 = {
			isa = PBXGroup;
			children = (
				908E48D31AA29B0700AD5BE7 /* Hoop */,
				908E48F61AA29B1C00AD5BE7 /* Frameworks */,
				908E48E91AA29B0700AD5BE7 /* HoopTests */,
				908E48D21AA29B0700AD5BE7 /* Products */,
			);
			sourceTree = "<group>";
		};
		908E48D21AA29B0700AD5BE7 /* Products */ = {
			isa = PBXGroup;
			children = (
				908E48D11AA29B0700AD5BE7 /* Hoop.app */,
				908E48E61AA29B0700AD5BE7 /* HoopTests.xctest */,
			);
			name = Products;
			sourceTree = "<group>";
		};
		908E48D31AA29B0700AD5BE7 /* Hoop */ = {
			isa = PBXGroup;
			children = (
				908E48D61AA29B0700AD5BE7 /* AppDelegate.swift */,
				908E48D81AA29B0700AD5BE7 /* ViewController.swift */,
				908E48DA1AA29B0700AD5BE7 /* Main.storyboard */,
				908E48DD1AA29B0700AD5BE7 /* Images.xcassets */,
				908E48DF1AA29B0700AD5BE7 /* LaunchScreen.xib */,
				908E48D41AA29B0700AD5BE7 /* Supporting Files */,
			);
			path = Hoop;
			sourceTree = "<group>";
		};
		908E48D41AA29B0700AD5BE7 /* Supporting Files */ = {
			isa = PBXGroup;
			children = (
				908E48D51AA29B0700AD5BE7 /* Info.plist */,
				908E48F71AA29B4100AD5BE7 /* Hoop-Bridging-Header.h */,
			);
			name = "Supporting Files";
			sourceTree = "<group>";
		};
		908E48E91AA29B0700AD5BE7 /* HoopTests */ = {
			isa = PBXGroup;
			children = (
				908E48EC1AA29B0700AD5BE7 /* HoopTests.swift */,
				908E48EA1AA29B0700AD5BE7 /* Supporting Files */,
			);
			path = HoopTests;
			sourceTree = "<group>";
		};
		908E48EA1AA29B0700AD5BE7 /* Supporting Files */ = {
			isa = PBXGroup;
			children = (
				908E48EB1AA29B0700AD5BE7 /* Info.plist */,
			);
			name = "Supporting Files";
			sourceTree = "<group>";
		};
		908E48F61AA29B1C00AD5BE7 /* Frameworks */ = {
			isa = PBXGroup;
			children = (
				908E49191AA29BE800AD5BE7 /* libsqlite3.dylib */,
				908E49171AA29BDF00AD5BE7 /* libz.dylib */,
				908E49151AA29BD700AD5BE7 /* SystemConfiguration.framework */,
				908E49131AA29BCA00AD5BE7 /* StoreKit.framework */,
				908E49111AA29BBF00AD5BE7 /* Security.framework */,
				908E490F1AA29BB800AD5BE7 /* QuartzCore.framework */,
				908E490D1AA29BB300AD5BE7 /* MobileCoreServices.framework */,
				908E490B1AA29BAC00AD5BE7 /* CoreLocation.framework */,
				908E49091AA29BA600AD5BE7 /* CoreGraphics.framework */,
				908E49071AA29B9D00AD5BE7 /* CFNetwork.framework */,
				908E49051AA29B8E00AD5BE7 /* AudioToolbox.framework */,
				908E48FB1AA29B5700AD5BE7 /* Bolts.framework */,
				908E48FC1AA29B5700AD5BE7 /* Parse.framework */,
				908E48FD1AA29B5700AD5BE7 /* ParseCrashReporting.framework */,
				908E48FE1AA29B5700AD5BE7 /* ParseFacebookUtils.framework */,
				908E48FF1AA29B5700AD5BE7 /* ParseUI.framework */,
			);
			name = Frameworks;
			path = Hoop;
			sourceTree = "<group>";
		};
/* End PBXGroup section */

/* Begin PBXNativeTarget section */
		908E48D01AA29B0700AD5BE7 /* Hoop */ = {
			isa = PBXNativeTarget;
			buildConfigurationList = 908E48F01AA29B0700AD5BE7 /* Build configuration list for PBXNativeTarget "Hoop" */;
			buildPhases = (
				908E48CD1AA29B0700AD5BE7 /* Sources */,
				908E48CE1AA29B0700AD5BE7 /* Frameworks */,
				908E48CF1AA29B0700AD5BE7 /* Resources */,
			);
			buildRules = (
			);
			dependencies = (
			);
			name = Hoop;
			productName = Hoop;
			productReference = 908E48D11AA29B0700AD5BE7 /* Hoop.app */;
			productType = "com.apple.product-type.application";
		};
		908E48E51AA29B0700AD5BE7 /* HoopTests */ = {
			isa = PBXNativeTarget;
			buildConfigurationList = 908E48F31AA29B0700AD5BE7 /* Build configuration list for PBXNativeTarget "HoopTests" */;
			buildPhases = (
				908E48E21AA29B0700AD5BE7 /* Sources */,
				908E48E31AA29B0700AD5BE7 /* Frameworks */,
				908E48E41AA29B0700AD5BE7 /* Resources */,
			);
			buildRules = (
			);
			dependencies = (
				908E48E81AA29B0700AD5BE7 /* PBXTargetDependency */,
			);
			name = HoopTests;
			productName = HoopTests;
			productReference = 908E48E61AA29B0700AD5BE7 /* HoopTests.xctest */;
			productType = "com.apple.product-type.bundle.unit-test";
		};
/* End PBXNativeTarget section */

/* Begin PBXProject section */
		908E48C91AA29B0700AD5BE7 /* Project object */ = {
			isa = PBXProject;
			attributes = {
				LastUpgradeCheck = 0610;
				ORGANIZATIONNAME = Hoop;
				TargetAttributes = {
					908E48D01AA29B0700AD5BE7 = {
						CreatedOnToolsVersion = 6.1.1;
					};
					908E48E51AA29B0700AD5BE7 = {
						CreatedOnToolsVersion = 6.1.1;
						TestTargetID = 908E48D01AA29B0700AD5BE7;
					};
				};
			};
			buildConfigurationList = 908E48CC1AA29B0700AD5BE7 /* Build configuration list for PBXProject "Hoop" */;
			compatibilityVersion = "Xcode 3.2";
			developmentRegion = English;
			hasScannedForEncodings = 0;
			knownRegions = (
				en,
				Base,
			);
			mainGroup = 908E48C81AA29B0700AD5BE7;
			productRefGroup = 908E48D21AA29B0700AD5BE7 /* Products */;
			projectDirPath = "";
			projectRoot = "";
			targets = (
				908E48D01AA29B0700AD5BE7 /* Hoop */,
				908E48E51AA29B0700AD5BE7 /* HoopTests */,
			);
		};
/* End PBXProject section */

/* Begin PBXResourcesBuildPhase section */
		908E48CF1AA29B0700AD5BE7 /* Resources */ = {
			isa = PBXResourcesBuildPhase;
			buildActionMask = 2147483647;
			files = (
				908E48DC1AA29B0700AD5BE7 /* Main.storyboard in Resources */,
				908E48E11AA29B0700AD5BE7 /* LaunchScreen.xib in Resources */,
				908E48DE1AA29B0700AD5BE7 /* Images.xcassets in Resources */,
			);
			runOnlyForDeploymentPostprocessing = 0;
		};
		908E48E41AA29B0700AD5BE7 /* Resources */ = {
			isa = PBXResourcesBuildPhase;
			buildActionMask = 2147483647;
			files = (
			);
			runOnlyForDeploymentPostprocessing = 0;
		};
/* End PBXResourcesBuildPhase section */

/* Begin PBXSourcesBuildPhase section */
		908E48CD1AA29B0700AD5BE7 /* Sources */ = {
			isa = PBXSourcesBuildPhase;
			buildActionMask = 2147483647;
			files = (
				908E48D91AA29B0700AD5BE7 /* ViewController.swift in Sources */,
				908E48D71AA29B0700AD5BE7 /* AppDelegate.swift in Sources */,
			);
			runOnlyForDeploymentPostprocessing = 0;
		};
		908E48E21AA29B0700AD5BE7 /* Sources */ = {
			isa = PBXSourcesBuildPhase;
			buildActionMask = 2147483647;
			files = (
				908E48ED1AA29B0700AD5BE7 /* HoopTests.swift in Sources */,
			);
			runOnlyForDeploymentPostprocessing = 0;
		};
/* End PBXSourcesBuildPhase section */

/* Begin PBXTargetDependency section */
		908E48E81AA29B0700AD5BE7 /* PBXTargetDependency */ = {
			isa = PBXTargetDependency;
			target = 908E48D01AA29B0700AD5BE7 /* Hoop */;
			targetProxy = 908E48E71AA29B0700AD5BE7 /* PBXContainerItemProxy */;
		};
/* End PBXTargetDependency section */

/* Begin PBXVariantGroup section */
		908E48DA1AA29B0700AD5BE7 /* Main.storyboard */ = {
			isa = PBXVariantGroup;
			children = (
				908E48DB1AA29B0700AD5BE7 /* Base */,
			);
			name = Main.storyboard;
			sourceTree = "<group>";
		};
		908E48DF1AA29B0700AD5BE7 /* LaunchScreen.xib */ = {
			isa = PBXVariantGroup;
			children = (
				908E48E01AA29B0700AD5BE7 /* Base */,
			);
			name = LaunchScreen.xib;
			sourceTree = "<group>";
		};
/* End PBXVariantGroup section */

/* Begin XCBuildConfiguration section */
		908E48EE1AA29B0700AD5BE7 /* Debug */ = {
			isa = XCBuildConfiguration;
			buildSettings = {
				ALWAYS_SEARCH_USER_PATHS = NO;
				CLANG_CXX_LANGUAGE_STANDARD = "gnu++0x";
				CLANG_CXX_LIBRARY = "libc++";
				CLANG_ENABLE_MODULES = YES;
				CLANG_ENABLE_OBJC_ARC = YES;
				CLANG_WARN_BOOL_CONVERSION = YES;
				CLANG_WARN_CONSTANT_CONVERSION = YES;
				CLANG_WARN_DIRECT_OBJC_ISA_USAGE = YES_ERROR;
				CLANG_WARN_EMPTY_BODY = YES;
				CLANG_WARN_ENUM_CONVERSION = YES;
				CLANG_WARN_INT_CONVERSION = YES;
				CLANG_WARN_OBJC_ROOT_CLASS = YES_ERROR;
				CLANG_WARN_UNREACHABLE_CODE = YES;
				CLANG_WARN__DUPLICATE_METHOD_MATCH = YES;
				"CODE_SIGN_IDENTITY[sdk=iphoneos*]" = "iPhone Developer";
				COPY_PHASE_STRIP = NO;
				ENABLE_STRICT_OBJC_MSGSEND = YES;
				GCC_C_LANGUAGE_STANDARD = gnu99;
				GCC_DYNAMIC_NO_PIC = NO;
				GCC_OPTIMIZATION_LEVEL = 0;
				GCC_PREPROCESSOR_DEFINITIONS = (
					"DEBUG=1",
					"$(inherited)",
				);
				GCC_SYMBOLS_PRIVATE_EXTERN = NO;
				GCC_WARN_64_TO_32_BIT_CONVERSION = YES;
				GCC_WARN_ABOUT_RETURN_TYPE = YES_ERROR;
				GCC_WARN_UNDECLARED_SELECTOR = YES;
				GCC_WARN_UNINITIALIZED_AUTOS = YES_AGGRESSIVE;
				GCC_WARN_UNUSED_FUNCTION = YES;
				GCC_WARN_UNUSED_VARIABLE = YES;
				IPHONEOS_DEPLOYMENT_TARGET = 8.1;
				MTL_ENABLE_DEBUG_INFO = YES;
				ONLY_ACTIVE_ARCH = YES;
				SDKROOT = iphoneos;
				SWIFT_OPTIMIZATION_LEVEL = "-Onone";
			};
			name = Debug;
		};
		908E48EF1AA29B0700AD5BE7 /* Release */ = {
			isa = XCBuildConfiguration;
			buildSettings = {
				ALWAYS_SEARCH_USER_PATHS = NO;
				CLANG_CXX_LANGUAGE_STANDARD = "gnu++0x";
				CLANG_CXX_LIBRARY = "libc++";
				CLANG_ENABLE_MODULES = YES;
				CLANG_ENABLE_OBJC_ARC = YES;
				CLANG_WARN_BOOL_CONVERSION = YES;
				CLANG_WARN_CONSTANT_CONVERSION = YES;
				CLANG_WARN_DIRECT_OBJC_ISA_USAGE = YES_ERROR;
				CLANG_WARN_EMPTY_BODY = YES;
				CLANG_WARN_ENUM_CONVERSION = YES;
				CLANG_WARN_INT_CONVERSION = YES;
				CLANG_WARN_OBJC_ROOT_CLASS = YES_ERROR;
				CLANG_WARN_UNREACHABLE_CODE = YES;
				CLANG_WARN__DUPLICATE_METHOD_MATCH = YES;
				"CODE_SIGN_IDENTITY[sdk=iphoneos*]" = "iPhone Developer";
				COPY_PHASE_STRIP = YES;
				ENABLE_NS_ASSERTIONS = NO;
				ENABLE_STRICT_OBJC_MSGSEND = YES;
				GCC_C_LANGUAGE_STANDARD = gnu99;
				GCC_WARN_64_TO_32_BIT_CONVERSION = YES;
				GCC_WARN_ABOUT_RETURN_TYPE = YES_ERROR;
				GCC_WARN_UNDECLARED_SELECTOR = YES;
				GCC_WARN_UNINITIALIZED_AUTOS = YES_AGGRESSIVE;
				GCC_WARN_UNUSED_FUNCTION = YES;
				GCC_WARN_UNUSED_VARIABLE = YES;
				IPHONEOS_DEPLOYMENT_TARGET = 8.1;
				MTL_ENABLE_DEBUG_INFO = NO;
				SDKROOT = iphoneos;
				VALIDATE_PRODUCT = YES;
			};
			name = Release;
		};
		908E48F11AA29B0700AD5BE7 /* Debug */ = {
			isa = XCBuildConfiguration;
			buildSettings = {
				ASSETCATALOG_COMPILER_APPICON_NAME = AppIcon;
				CLANG_ENABLE_MODULES = YES;
				FRAMEWORK_SEARCH_PATHS = (
					"$(inherited)",
					"$(PROJECT_DIR)/Hoop",
				);
				INFOPLIST_FILE = Hoop/Info.plist;
				LD_RUNPATH_SEARCH_PATHS = "$(inherited) @executable_path/Frameworks";
				PRODUCT_NAME = "$(TARGET_NAME)";
				SWIFT_OBJC_BRIDGING_HEADER = "Hoop/Hoop-Bridging-Header.h";
				SWIFT_OPTIMIZATION_LEVEL = "-Onone";
			};
			name = Debug;
		};
		908E48F21AA29B0700AD5BE7 /* Release */ = {
			isa = XCBuildConfiguration;
			buildSettings = {
				ASSETCATALOG_COMPILER_APPICON_NAME = AppIcon;
				CLANG_ENABLE_MODULES = YES;
				FRAMEWORK_SEARCH_PATHS = (
					"$(inherited)",
					"$(PROJECT_DIR)/Hoop",
				);
				INFOPLIST_FILE = Hoop/Info.plist;
				LD_RUNPATH_SEARCH_PATHS = "$(inherited) @executable_path/Frameworks";
				PRODUCT_NAME = "$(TARGET_NAME)";
				SWIFT_OBJC_BRIDGING_HEADER = "Hoop/Hoop-Bridging-Header.h";
			};
			name = Release;
		};
		908E48F41AA29B0700AD5BE7 /* Debug */ = {
			isa = XCBuildConfiguration;
			buildSettings = {
				BUNDLE_LOADER = "$(TEST_HOST)";
				FRAMEWORK_SEARCH_PATHS = (
					"$(SDKROOT)/Developer/Library/Frameworks",
					"$(inherited)",
				);
				GCC_PREPROCESSOR_DEFINITIONS = (
					"DEBUG=1",
					"$(inherited)",
				);
				INFOPLIST_FILE = HoopTests/Info.plist;
				LD_RUNPATH_SEARCH_PATHS = "$(inherited) @executable_path/Frameworks @loader_path/Frameworks";
				PRODUCT_NAME = "$(TARGET_NAME)";
				TEST_HOST = "$(BUILT_PRODUCTS_DIR)/Hoop.app/Hoop";
			};
			name = Debug;
		};
		908E48F51AA29B0700AD5BE7 /* Release */ = {
			isa = XCBuildConfiguration;
			buildSettings = {
				BUNDLE_LOADER = "$(TEST_HOST)";
				FRAMEWORK_SEARCH_PATHS = (
					"$(SDKROOT)/Developer/Library/Frameworks",
					"$(inherited)",
				);
				INFOPLIST_FILE = HoopTests/Info.plist;
				LD_RUNPATH_SEARCH_PATHS = "$(inherited) @executable_path/Frameworks @loader_path/Frameworks";
				PRODUCT_NAME = "$(TARGET_NAME)";
				TEST_HOST = "$(BUILT_PRODUCTS_DIR)/Hoop.app/Hoop";
			};
			name = Release;
		};
/* End XCBuildConfiguration section */

/* Begin XCConfigurationList section */
		908E48CC1AA29B0700AD5BE7 /* Build configuration list for PBXProject "Hoop" */ = {
			isa = XCConfigurationList;
			buildConfigurations = (
				908E48EE1AA29B0700AD5BE7 /* Debug */,
				908E48EF1AA29B0700AD5BE7 /* Release */,
			);
			defaultConfigurationIsVisible = 0;
			defaultConfigurationName = Release;
		};
		908E48F01AA29B0700AD5BE7 /* Build configuration list for PBXNativeTarget "Hoop" */ = {
			isa = XCConfigurationList;
			buildConfigurations = (
				908E48F11AA29B0700AD5BE7 /* Debug */,
				908E48F21AA29B0700AD5BE7 /* Release */,
			);
			defaultConfigurationIsVisible = 0;
		};
		908E48F31AA29B0700AD5BE7 /* Build configuration list for PBXNativeTarget "HoopTests" */ = {
			isa = XCConfigurationList;
			buildConfigurations = (
				908E48F41AA29B0700AD5BE7 /* Debug */,
				908E48F51AA29B0700AD5BE7 /* Release */,
			);
			defaultConfigurationIsVisible = 0;
		};
/* End XCConfigurationList section */
	};
	rootObject = 908E48C91AA29B0700AD5BE7 /* Project object */;
}
